
Microsoft Visual Studio Solution File, Format Version 12.00
# Visual Studio Version 17
VisualStudioVersion = 17.9.34701.34
MinimumVisualStudioVersion = 10.0.40219.1
Project("{FAE04EC0-301F-11D3-BF4B-00C04F79EFBC}") = "lab2", "lab2\lab2.csproj", "{3B571B83-4CF9-4A3A-9763-7278A3FDFFAD}"
EndProject
Global
	GlobalSection(SolutionConfigurationPlatforms) = preSolution
		Debug|Any CPU = Debug|Any CPU
		Release|Any CPU = Release|Any CPU
	EndGlobalSection
	GlobalSection(ProjectConfigurationPlatforms) = postSolution
		{3B571B83-4CF9-4A3A-9763-7278A3FDFFAD}.Debug|Any CPU.ActiveCfg = Debug|Any CPU
		{3B571B83-4CF9-4A3A-9763-7278A3FDFFAD}.Debug|Any CPU.Build.0 = Debug|Any CPU
		{3B571B83-4CF9-4A3A-9763-7278A3FDFFAD}.Release|Any CPU.ActiveCfg = Release|Any CPU
		{3B571B83-4CF9-4A3A-9763-7278A3FDFFAD}.Release|Any CPU.Build.0 = Release|Any CPU
	EndGlobalSection
	GlobalSection(SolutionProperties) = preSolution
		HideSolutionNode = FALSE
	EndGlobalSection
	GlobalSection(ExtensibilityGlobals) = postSolution
		SolutionGuid = {655224BD-DCC8-4412-967B-60E5BB27FE84}
	EndGlobalSection
EndGlobal
